
Microsoft Visual Studio Solution File, Format Version 12.00
# Visual Studio Version 17
VisualStudioVersion = 17.4.33110.190
MinimumVisualStudioVersion = 10.0.40219.1
Project("{9A19103F-16F7-4668-BE54-9A1E7A4F7556}") = "PermitChecker", "PCA\PermitChecker.csproj", "{CA21D04D-92CF-4907-9ECF-BA80BAC9E83F}"
EndProject
Global
	GlobalSection(SolutionConfigurationPlatforms) = preSolution
		Debug|Any CPU = Debug|Any CPU
		Release|Any CPU = Release|Any CPU
	EndGlobalSection
	GlobalSection(ProjectConfigurationPlatforms) = postSolution
		{CA21D04D-92CF-4907-9ECF-BA80BAC9E83F}.Debug|Any CPU.ActiveCfg = Debug|Any CPU
		{CA21D04D-92CF-4907-9ECF-BA80BAC9E83F}.Debug|Any CPU.Build.0 = Debug|Any CPU
		{CA21D04D-92CF-4907-9ECF-BA80BAC9E83F}.Release|Any CPU.ActiveCfg = Release|Any CPU
		{CA21D04D-92CF-4907-9ECF-BA80BAC9E83F}.Release|Any CPU.Build.0 = Release|Any CPU
	EndGlobalSection
	GlobalSection(SolutionProperties) = preSolution
		HideSolutionNode = FALSE
	EndGlobalSection
	GlobalSection(ExtensibilityGlobals) = postSolution
		SolutionGuid = {1B343B1D-D95C-4E88-A298-388FEBE49A57}
	EndGlobalSection
EndGlobal
